
Microsoft Visual Studio Solution File, Format Version 12.00
# Visual Studio Version 17
VisualStudioVersion = 17.8.34316.72
MinimumVisualStudioVersion = 10.0.40219.1
Project("{9A19103F-16F7-4668-BE54-9A1E7A4F7556}") = "VDD Config", "VDD Config\VDD Config.csproj", "{A567E5D9-3F0E-46AF-B372-D74F2B86F9C6}"
EndProject
Project("{9A19103F-16F7-4668-BE54-9A1E7A4F7556}") = "VDD Config.Core", "VDD Config.Core\VDD Config.Core.csproj", "{5425C2E9-ECBB-4151-8AA4-08790FB0E093}"
EndProject
Global
	GlobalSection(SolutionConfigurationPlatforms) = preSolution
		Debug|Any CPU = Debug|Any CPU
		Debug|arm64 = Debug|arm64
		Debug|x64 = Debug|x64
		Debug|x86 = Debug|x86
		Release|Any CPU = Release|Any CPU
		Release|arm64 = Release|arm64
		Release|x64 = Release|x64
		Release|x86 = Release|x86
	EndGlobalSection
	GlobalSection(ProjectConfigurationPlatforms) = postSolution
		{A567E5D9-3F0E-46AF-B372-D74F2B86F9C6}.Debug|Any CPU.ActiveCfg = Debug|x64
		{A567E5D9-3F0E-46AF-B372-D74F2B86F9C6}.Debug|Any CPU.Build.0 = Debug|x64
		{A567E5D9-3F0E-46AF-B372-D74F2B86F9C6}.Debug|Any CPU.Deploy.0 = Debug|x64
		{A567E5D9-3F0E-46AF-B372-D74F2B86F9C6}.Debug|arm64.ActiveCfg = Debug|arm64
		{A567E5D9-3F0E-46AF-B372-D74F2B86F9C6}.Debug|arm64.Build.0 = Debug|arm64
		{A567E5D9-3F0E-46AF-B372-D74F2B86F9C6}.Debug|arm64.Deploy.0 = Debug|arm64
		{A567E5D9-3F0E-46AF-B372-D74F2B86F9C6}.Debug|x64.ActiveCfg = Debug|x64
		{A567E5D9-3F0E-46AF-B372-D74F2B86F9C6}.Debug|x64.Build.0 = Debug|x64
		{A567E5D9-3F0E-46AF-B372-D74F2B86F9C6}.Debug|x64.Deploy.0 = Debug|x64
		{A567E5D9-3F0E-46AF-B372-D74F2B86F9C6}.Debug|x86.ActiveCfg = Debug|x86
		{A567E5D9-3F0E-46AF-B372-D74F2B86F9C6}.Debug|x86.Build.0 = Debug|x86
		{A567E5D9-3F0E-46AF-B372-D74F2B86F9C6}.Debug|x86.Deploy.0 = Debug|x86
		{A567E5D9-3F0E-46AF-B372-D74F2B86F9C6}.Release|Any CPU.ActiveCfg = Release|x64
		{A567E5D9-3F0E-46AF-B372-D74F2B86F9C6}.Release|Any CPU.Build.0 = Release|x64
		{A567E5D9-3F0E-46AF-B372-D74F2B86F9C6}.Release|Any CPU.Deploy.0 = Release|x64
		{A567E5D9-3F0E-46AF-B372-D74F2B86F9C6}.Release|arm64.ActiveCfg = Release|arm64
		{A567E5D9-3F0E-46AF-B372-D74F2B86F9C6}.Release|arm64.Build.0 = Release|arm64
		{A567E5D9-3F0E-46AF-B372-D74F2B86F9C6}.Release|arm64.Deploy.0 = Release|arm64
		{A567E5D9-3F0E-46AF-B372-D74F2B86F9C6}.Release|x64.ActiveCfg = Release|x64
		{A567E5D9-3F0E-46AF-B372-D74F2B86F9C6}.Release|x64.Build.0 = Release|x64
		{A567E5D9-3F0E-46AF-B372-D74F2B86F9C6}.Release|x64.Deploy.0 = Release|x64
		{A567E5D9-3F0E-46AF-B372-D74F2B86F9C6}.Release|x86.ActiveCfg = Release|x86
		{A567E5D9-3F0E-46AF-B372-D74F2B86F9C6}.Release|x86.Build.0 = Release|x86
		{A567E5D9-3F0E-46AF-B372-D74F2B86F9C6}.Release|x86.Deploy.0 = Release|x86
		{5425C2E9-ECBB-4151-8AA4-08790FB0E093}.Debug|Any CPU.ActiveCfg = Debug|Any CPU
		{5425C2E9-ECBB-4151-8AA4-08790FB0E093}.Debug|Any CPU.Build.0 = Debug|Any CPU
		{5425C2E9-ECBB-4151-8AA4-08790FB0E093}.Debug|arm64.ActiveCfg = Debug|arm64
		{5425C2E9-ECBB-4151-8AA4-08790FB0E093}.Debug|arm64.Build.0 = Debug|arm64
		{5425C2E9-ECBB-4151-8AA4-08790FB0E093}.Debug|x64.ActiveCfg = Debug|x64
		{5425C2E9-ECBB-4151-8AA4-08790FB0E093}.Debug|x64.Build.0 = Debug|x64
		{5425C2E9-ECBB-4151-8AA4-08790FB0E093}.Debug|x86.ActiveCfg = Debug|x86
		{5425C2E9-ECBB-4151-8AA4-08790FB0E093}.Debug|x86.Build.0 = Debug|x86
		{5425C2E9-ECBB-4151-8AA4-08790FB0E093}.Release|Any CPU.ActiveCfg = Release|Any CPU
		{5425C2E9-ECBB-4151-8AA4-08790FB0E093}.Release|Any CPU.Build.0 = Release|Any CPU
		{5425C2E9-ECBB-4151-8AA4-08790FB0E093}.Release|arm64.ActiveCfg = Release|arm64
		{5425C2E9-ECBB-4151-8AA4-08790FB0E093}.Release|arm64.Build.0 = Release|arm64
		{5425C2E9-ECBB-4151-8AA4-08790FB0E093}.Release|x64.ActiveCfg = Release|x64
		{5425C2E9-ECBB-4151-8AA4-08790FB0E093}.Release|x64.Build.0 = Release|x64
		{5425C2E9-ECBB-4151-8AA4-08790FB0E093}.Release|x86.ActiveCfg = Release|x86
		{5425C2E9-ECBB-4151-8AA4-08790FB0E093}.Release|x86.Build.0 = Release|x86
	EndGlobalSection
	GlobalSection(SolutionProperties) = preSolution
		HideSolutionNode = FALSE
	EndGlobalSection
	GlobalSection(ExtensibilityGlobals) = postSolution
		SolutionGuid = {8D243931-D33D-40E3-9A85-651BD69167D9}
	EndGlobalSection
EndGlobal
